
Microsoft Visual Studio Solution File, Format Version 12.00
# Visual Studio Version 17
VisualStudioVersion = 17.8.34330.188
MinimumVisualStudioVersion = 10.0.40219.1
Project("{9A19103F-16F7-4668-BE54-9A1E7A4F7556}") = "BlazingPokemon", "BlazingPokemon\BlazingPokemon.csproj", "{1982AE01-26F5-4F87-958E-119153D5DC15}"
EndProject
Global
	GlobalSection(SolutionConfigurationPlatforms) = preSolution
		Debug|Any CPU = Debug|Any CPU
		Release|Any CPU = Release|Any CPU
	EndGlobalSection
	GlobalSection(ProjectConfigurationPlatforms) = postSolution
		{1982AE01-26F5-4F87-958E-119153D5DC15}.Debug|Any CPU.ActiveCfg = Debug|Any CPU
		{1982AE01-26F5-4F87-958E-119153D5DC15}.Debug|Any CPU.Build.0 = Debug|Any CPU
		{1982AE01-26F5-4F87-958E-119153D5DC15}.Release|Any CPU.ActiveCfg = Release|Any CPU
		{1982AE01-26F5-4F87-958E-119153D5DC15}.Release|Any CPU.Build.0 = Release|Any CPU
	EndGlobalSection
	GlobalSection(SolutionProperties) = preSolution
		HideSolutionNode = FALSE
	EndGlobalSection
	GlobalSection(ExtensibilityGlobals) = postSolution
		SolutionGuid = {B94E461E-EC1B-4C14-BF60-4381F751C28F}
	EndGlobalSection
EndGlobal
